
Microsoft Visual Studio Solution File, Format Version 12.00
Project("{FAE04EC0-301F-11D3-BF4B-00C04F79EFBC}") = "Wolf.Testing.App.Core", "src\Wolf.Testing.App.Core\Wolf.Testing.App.Core.csproj", "{5073DCAC-88C7-4D47-A72B-97D1ABECED8A}"
EndProject
Project("{2150E333-8FDC-42A3-9474-1A3956D46DE8}") = "Core", "Core", "{0C9244C2-6FAE-495F-A10C-B737B6341DAE}"
EndProject
Project("{2150E333-8FDC-42A3-9474-1A3956D46DE8}") = "Test Plans", "Test Plans", "{0D50C3A5-A3E6-4B10-B830-D700111C7A06}"
EndProject
Project("{2150E333-8FDC-42A3-9474-1A3956D46DE8}") = "Adapters", "Adapters", "{F02979A5-4DF2-4E20-AD10-09DC3E6B99A0}"
EndProject
Project("{2150E333-8FDC-42A3-9474-1A3956D46DE8}") = "Screens", "Screens", "{9E1B86E5-A6A0-4C0F-8ABB-4E848A47DFF6}"
EndProject
Project("{2150E333-8FDC-42A3-9474-1A3956D46DE8}") = "iOS", "iOS", "{9D4E117C-A73E-4271-A56B-FA6A856C8324}"
EndProject
Project("{2150E333-8FDC-42A3-9474-1A3956D46DE8}") = "Android", "Android", "{459A2085-F126-4B6F-BB69-3D98E9E1C66E}"
EndProject
Project("{2150E333-8FDC-42A3-9474-1A3956D46DE8}") = "iOS", "iOS", "{BD669692-8053-4E46-AB54-0AFF51248D0F}"
EndProject
Project("{2150E333-8FDC-42A3-9474-1A3956D46DE8}") = "Android", "Android", "{91519A4D-7809-48ED-A252-E169B7901274}"
EndProject
Project("{FAE04EC0-301F-11D3-BF4B-00C04F79EFBC}") = "Wolf.Android.ClickCountApp.Testing", "test\Wolf.Android.ClickCountApp.Testing\Wolf.Android.ClickCountApp.Testing.csproj", "{BBD1CD22-6B39-48B5-9070-7C0B9E83E3A7}"
EndProject
Global
	GlobalSection(SolutionConfigurationPlatforms) = preSolution
		Debug|Any CPU = Debug|Any CPU
		Release|Any CPU = Release|Any CPU
	EndGlobalSection
	GlobalSection(ProjectConfigurationPlatforms) = postSolution
		{5073DCAC-88C7-4D47-A72B-97D1ABECED8A}.Debug|Any CPU.ActiveCfg = Debug|Any CPU
		{5073DCAC-88C7-4D47-A72B-97D1ABECED8A}.Debug|Any CPU.Build.0 = Debug|Any CPU
		{5073DCAC-88C7-4D47-A72B-97D1ABECED8A}.Release|Any CPU.ActiveCfg = Release|Any CPU
		{5073DCAC-88C7-4D47-A72B-97D1ABECED8A}.Release|Any CPU.Build.0 = Release|Any CPU
		{BBD1CD22-6B39-48B5-9070-7C0B9E83E3A7}.Debug|Any CPU.ActiveCfg = Debug|Any CPU
		{BBD1CD22-6B39-48B5-9070-7C0B9E83E3A7}.Debug|Any CPU.Build.0 = Debug|Any CPU
		{BBD1CD22-6B39-48B5-9070-7C0B9E83E3A7}.Release|Any CPU.ActiveCfg = Release|Any CPU
		{BBD1CD22-6B39-48B5-9070-7C0B9E83E3A7}.Release|Any CPU.Build.0 = Release|Any CPU
	EndGlobalSection
	GlobalSection(NestedProjects) = preSolution
		{5073DCAC-88C7-4D47-A72B-97D1ABECED8A} = {0C9244C2-6FAE-495F-A10C-B737B6341DAE}
		{9D4E117C-A73E-4271-A56B-FA6A856C8324} = {9E1B86E5-A6A0-4C0F-8ABB-4E848A47DFF6}
		{459A2085-F126-4B6F-BB69-3D98E9E1C66E} = {9E1B86E5-A6A0-4C0F-8ABB-4E848A47DFF6}
		{BD669692-8053-4E46-AB54-0AFF51248D0F} = {F02979A5-4DF2-4E20-AD10-09DC3E6B99A0}
		{91519A4D-7809-48ED-A252-E169B7901274} = {F02979A5-4DF2-4E20-AD10-09DC3E6B99A0}
		{BBD1CD22-6B39-48B5-9070-7C0B9E83E3A7} = {0D50C3A5-A3E6-4B10-B830-D700111C7A06}
	EndGlobalSection
EndGlobal
